
Microsoft Visual Studio Solution File, Format Version 12.00
# Visual Studio 15
VisualStudioVersion = 15.0.27130.2027
MinimumVisualStudioVersion = 10.0.40219.1
Project("{9A19103F-16F7-4668-BE54-9A1E7A4F7556}") = "WordUnscrambler", "WordUnscrambler\WordUnscrambler.csproj", "{9F3A17A2-4400-4F46-976B-9DDD7B01940E}"
EndProject
Project("{FAE04EC0-301F-11D3-BF4B-00C04F79EFBC}") = "WordUnscrambler.Test.Unit", "WordUnscrambler.Test.Unit\WordUnscrambler.Test.Unit.csproj", "{FD567EE8-9B8B-4081-9748-219168CB7B46}"
EndProject
Global
	GlobalSection(SolutionConfigurationPlatforms) = preSolution
		Debug|Any CPU = Debug|Any CPU
		Release|Any CPU = Release|Any CPU
	EndGlobalSection
	GlobalSection(ProjectConfigurationPlatforms) = postSolution
		{9F3A17A2-4400-4F46-976B-9DDD7B01940E}.Debug|Any CPU.ActiveCfg = Debug|Any CPU
		{9F3A17A2-4400-4F46-976B-9DDD7B01940E}.Debug|Any CPU.Build.0 = Debug|Any CPU
		{9F3A17A2-4400-4F46-976B-9DDD7B01940E}.Release|Any CPU.ActiveCfg = Release|Any CPU
		{9F3A17A2-4400-4F46-976B-9DDD7B01940E}.Release|Any CPU.Build.0 = Release|Any CPU
		{FD567EE8-9B8B-4081-9748-219168CB7B46}.Debug|Any CPU.ActiveCfg = Debug|Any CPU
		{FD567EE8-9B8B-4081-9748-219168CB7B46}.Debug|Any CPU.Build.0 = Debug|Any CPU
		{FD567EE8-9B8B-4081-9748-219168CB7B46}.Release|Any CPU.ActiveCfg = Release|Any CPU
		{FD567EE8-9B8B-4081-9748-219168CB7B46}.Release|Any CPU.Build.0 = Release|Any CPU
	EndGlobalSection
	GlobalSection(SolutionProperties) = preSolution
		HideSolutionNode = FALSE
	EndGlobalSection
	GlobalSection(ExtensibilityGlobals) = postSolution
		SolutionGuid = {7BE37553-93A4-4FBF-ACD0-01D1CFFEA323}
	EndGlobalSection
EndGlobal
